
Microsoft Visual Studio Solution File, Format Version 12.00
# Visual Studio 14
VisualStudioVersion = 14.0.25420.1
MinimumVisualStudioVersion = 10.0.40219.1
Project("{2150E333-8FDC-42A3-9474-1A3956D46DE8}") = "App3", "App3", "{65AE5380-0F00-42B2-8CD9-2988A0242D23}"
EndProject
Project("{D954291E-2A0B-460D-934E-DC6B0785DB48}") = "App3.Shared", "App3\App3.Shared\App3.Shared.shproj", "{87CECDEB-6C9B-4D65-9F30-B5C74ACD8BA2}"
EndProject
Project("{FAE04EC0-301F-11D3-BF4B-00C04F79EFBC}") = "App3.Windows", "App3\App3.Windows\App3.Windows.csproj", "{08EF5B6D-5FEB-4564-936A-D9E84EDB076A}"
EndProject
Project("{FAE04EC0-301F-11D3-BF4B-00C04F79EFBC}") = "App3.WindowsPhone", "App3\App3.WindowsPhone\App3.WindowsPhone.csproj", "{F1549CBA-A1F1-42A4-954F-8E353A970C85}"
EndProject
Global
	GlobalSection(SharedMSBuildProjectFiles) = preSolution
		App3\App3.Shared\App3.Shared.projitems*{08ef5b6d-5feb-4564-936a-d9e84edb076a}*SharedItemsImports = 4
		App3\App3.Shared\App3.Shared.projitems*{87cecdeb-6c9b-4d65-9f30-b5c74acd8ba2}*SharedItemsImports = 13
		App3\App3.Shared\App3.Shared.projitems*{f1549cba-a1f1-42a4-954f-8e353a970c85}*SharedItemsImports = 4
	EndGlobalSection
	GlobalSection(SolutionConfigurationPlatforms) = preSolution
		Debug|Any CPU = Debug|Any CPU
		Debug|ARM = Debug|ARM
		Debug|x64 = Debug|x64
		Debug|x86 = Debug|x86
		Release|Any CPU = Release|Any CPU
		Release|ARM = Release|ARM
		Release|x64 = Release|x64
		Release|x86 = Release|x86
	EndGlobalSection
	GlobalSection(ProjectConfigurationPlatforms) = postSolution
		{08EF5B6D-5FEB-4564-936A-D9E84EDB076A}.Debug|Any CPU.ActiveCfg = Debug|Any CPU
		{08EF5B6D-5FEB-4564-936A-D9E84EDB076A}.Debug|Any CPU.Build.0 = Debug|Any CPU
		{08EF5B6D-5FEB-4564-936A-D9E84EDB076A}.Debug|Any CPU.Deploy.0 = Debug|Any CPU
		{08EF5B6D-5FEB-4564-936A-D9E84EDB076A}.Debug|ARM.ActiveCfg = Debug|ARM
		{08EF5B6D-5FEB-4564-936A-D9E84EDB076A}.Debug|ARM.Build.0 = Debug|ARM
		{08EF5B6D-5FEB-4564-936A-D9E84EDB076A}.Debug|ARM.Deploy.0 = Debug|ARM
		{08EF5B6D-5FEB-4564-936A-D9E84EDB076A}.Debug|x64.ActiveCfg = Debug|x64
		{08EF5B6D-5FEB-4564-936A-D9E84EDB076A}.Debug|x64.Build.0 = Debug|x64
		{08EF5B6D-5FEB-4564-936A-D9E84EDB076A}.Debug|x64.Deploy.0 = Debug|x64
		{08EF5B6D-5FEB-4564-936A-D9E84EDB076A}.Debug|x86.ActiveCfg = Debug|x86
		{08EF5B6D-5FEB-4564-936A-D9E84EDB076A}.Debug|x86.Build.0 = Debug|x86
		{08EF5B6D-5FEB-4564-936A-D9E84EDB076A}.Debug|x86.Deploy.0 = Debug|x86
		{08EF5B6D-5FEB-4564-936A-D9E84EDB076A}.Release|Any CPU.ActiveCfg = Release|Any CPU
		{08EF5B6D-5FEB-4564-936A-D9E84EDB076A}.Release|Any CPU.Build.0 = Release|Any CPU
		{08EF5B6D-5FEB-4564-936A-D9E84EDB076A}.Release|Any CPU.Deploy.0 = Release|Any CPU
		{08EF5B6D-5FEB-4564-936A-D9E84EDB076A}.Release|ARM.ActiveCfg = Release|ARM
		{08EF5B6D-5FEB-4564-936A-D9E84EDB076A}.Release|ARM.Build.0 = Release|ARM
		{08EF5B6D-5FEB-4564-936A-D9E84EDB076A}.Release|ARM.Deploy.0 = Release|ARM
		{08EF5B6D-5FEB-4564-936A-D9E84EDB076A}.Release|x64.ActiveCfg = Release|x64
		{08EF5B6D-5FEB-4564-936A-D9E84EDB076A}.Release|x64.Build.0 = Release|x64
		{08EF5B6D-5FEB-4564-936A-D9E84EDB076A}.Release|x64.Deploy.0 = Release|x64
		{08EF5B6D-5FEB-4564-936A-D9E84EDB076A}.Release|x86.ActiveCfg = Release|x86
		{08EF5B6D-5FEB-4564-936A-D9E84EDB076A}.Release|x86.Build.0 = Release|x86
		{08EF5B6D-5FEB-4564-936A-D9E84EDB076A}.Release|x86.Deploy.0 = Release|x86
		{F1549CBA-A1F1-42A4-954F-8E353A970C85}.Debug|Any CPU.ActiveCfg = Debug|Any CPU
		{F1549CBA-A1F1-42A4-954F-8E353A970C85}.Debug|Any CPU.Build.0 = Debug|Any CPU
		{F1549CBA-A1F1-42A4-954F-8E353A970C85}.Debug|Any CPU.Deploy.0 = Debug|Any CPU
		{F1549CBA-A1F1-42A4-954F-8E353A970C85}.Debug|ARM.ActiveCfg = Debug|ARM
		{F1549CBA-A1F1-42A4-954F-8E353A970C85}.Debug|ARM.Build.0 = Debug|ARM
		{F1549CBA-A1F1-42A4-954F-8E353A970C85}.Debug|ARM.Deploy.0 = Debug|ARM
		{F1549CBA-A1F1-42A4-954F-8E353A970C85}.Debug|x64.ActiveCfg = Debug|Any CPU
		{F1549CBA-A1F1-42A4-954F-8E353A970C85}.Debug|x64.Build.0 = Debug|Any CPU
		{F1549CBA-A1F1-42A4-954F-8E353A970C85}.Debug|x64.Deploy.0 = Debug|Any CPU
		{F1549CBA-A1F1-42A4-954F-8E353A970C85}.Debug|x86.ActiveCfg = Debug|x86
		{F1549CBA-A1F1-42A4-954F-8E353A970C85}.Debug|x86.Build.0 = Debug|x86
		{F1549CBA-A1F1-42A4-954F-8E353A970C85}.Debug|x86.Deploy.0 = Debug|x86
		{F1549CBA-A1F1-42A4-954F-8E353A970C85}.Release|Any CPU.ActiveCfg = Release|Any CPU
		{F1549CBA-A1F1-42A4-954F-8E353A970C85}.Release|Any CPU.Build.0 = Release|Any CPU
		{F1549CBA-A1F1-42A4-954F-8E353A970C85}.Release|Any CPU.Deploy.0 = Release|Any CPU
		{F1549CBA-A1F1-42A4-954F-8E353A970C85}.Release|ARM.ActiveCfg = Release|ARM
		{F1549CBA-A1F1-42A4-954F-8E353A970C85}.Release|ARM.Build.0 = Release|ARM
		{F1549CBA-A1F1-42A4-954F-8E353A970C85}.Release|ARM.Deploy.0 = Release|ARM
		{F1549CBA-A1F1-42A4-954F-8E353A970C85}.Release|x64.ActiveCfg = Release|Any CPU
		{F1549CBA-A1F1-42A4-954F-8E353A970C85}.Release|x64.Build.0 = Release|Any CPU
		{F1549CBA-A1F1-42A4-954F-8E353A970C85}.Release|x64.Deploy.0 = Release|Any CPU
		{F1549CBA-A1F1-42A4-954F-8E353A970C85}.Release|x86.ActiveCfg = Release|x86
		{F1549CBA-A1F1-42A4-954F-8E353A970C85}.Release|x86.Build.0 = Release|x86
		{F1549CBA-A1F1-42A4-954F-8E353A970C85}.Release|x86.Deploy.0 = Release|x86
	EndGlobalSection
	GlobalSection(SolutionProperties) = preSolution
		HideSolutionNode = FALSE
	EndGlobalSection
	GlobalSection(NestedProjects) = preSolution
		{87CECDEB-6C9B-4D65-9F30-B5C74ACD8BA2} = {65AE5380-0F00-42B2-8CD9-2988A0242D23}
		{08EF5B6D-5FEB-4564-936A-D9E84EDB076A} = {65AE5380-0F00-42B2-8CD9-2988A0242D23}
		{F1549CBA-A1F1-42A4-954F-8E353A970C85} = {65AE5380-0F00-42B2-8CD9-2988A0242D23}
	EndGlobalSection
EndGlobal
